// !$*UTF8*$!
{
	archiveVersion = 1;
	classes = {
	};
	objectVersion = 46;
	objects = {

/* Begin PBXBuildFile section */
		2D4C5B2C1F3990BB00C4F574 /* main.m in Sources */ = {isa = PBXBuildFile; fileRef = 2D4C5B2B1F3990BB00C4F574 /* main.m */; };
		2D4C5B2F1F3990BB00C4F574 /* AppDelegate.m in Sources */ = {isa = PBXBuildFile; fileRef = 2D4C5B2E1F3990BB00C4F574 /* AppDelegate.m */; };
		2D4C5B321F3990BB00C4F574 /* ViewController.m in Sources */ = {isa = PBXBuildFile; fileRef = 2D4C5B311F3990BB00C4F574 /* ViewController.m */; };
		2D4C5B351F3990BB00C4F574 /* Main.storyboard in Resources */ = {isa = PBXBuildFile; fileRef = 2D4C5B331F3990BB00C4F574 /* Main.storyboard */; };
		2D4C5B371F3990BB00C4F574 /* Assets.xcassets in Resources */ = {isa = PBXBuildFile; fileRef = 2D4C5B361F3990BB00C4F574 /* Assets.xcassets */; };
		2D4C5B3A1F3990BB00C4F574 /* LaunchScreen.storyboard in Resources */ = {isa = PBXBuildFile; fileRef = 2D4C5B381F3990BB00C4F574 /* LaunchScreen.storyboard */; };
/* End PBXBuildFile section */

/* Begin PBXFileReference section */
		2D4C5B271F3990BB00C4F574 /* RuntimeTest.app */ = {isa = PBXFileReference; explicitFileType = wrapper.application; includeInIndex = 0; path = RuntimeTest.app; sourceTree = BUILT_PRODUCTS_DIR; };
		2D4C5B2B1F3990BB00C4F574 /* main.m */ = {isa = PBXFileReference; lastKnownFileType = sourcecode.c.objc; path = main.m; sourceTree = "<group>"; };
		2D4C5B2D1F3990BB00C4F574 /* AppDelegate.h */ = {isa = PBXFileReference; lastKnownFileType = sourcecode.c.h; path = AppDelegate.h; sourceTree = "<group>"; };
		2D4C5B2E1F3990BB00C4F574 /* AppDelegate.m */ = {isa = PBXFileReference; lastKnownFileType = sourcecode.c.objc; path = AppDelegate.m; sourceTree = "<group>"; };
		2D4C5B301F3990BB00C4F574 /* ViewController.h */ = {isa = PBXFileReference; lastKnownFileType = sourcecode.c.h; path = ViewController.h; sourceTree = "<group>"; };
		2D4C5B311F3990BB00C4F574 /* ViewController.m */ = {isa = PBXFileReference; lastKnownFileType = sourcecode.c.objc; path = ViewController.m; sourceTree = "<group>"; };
		2D4C5B341F3990BB00C4F574 /* Base */ = {isa = PBXFileReference; lastKnownFileType = file.storyboard; name = Base; path = Base.lproj/Main.storyboard; sourceTree = "<group>"; };
		2D4C5B361F3990BB00C4F574 /* Assets.xcassets */ = {isa = PBXFileReference; lastKnownFileType = folder.assetcatalog; path = Assets.xcassets; sourceTree = "<group>"; };
		2D4C5B391F3990BB00C4F574 /* Base */ = {isa = PBXFileReference; lastKnownFileType = file.storyboard; name = Base; path = Base.lproj/LaunchScreen.storyboard; sourceTree = "<group>"; };
		2D4C5B3B1F3990BB00C4F574 /* Info.plist */ = {isa = PBXFileReference; lastKnownFileType = text.plist.xml; path = Info.plist; sourceTree = "<group>"; };
/* End PBXFileReference section */

/* Begin PBXFrameworksBuildPhase section */
		2D4C5B241F3990BB00C4F574 /* Frameworks */ = {
			isa = PBXFrameworksBuildPhase;
			buildActionMask = 2147483647;
			files = (
			);
			runOnlyForDeploymentPostprocessing = 0;
		};
/* End PBXFrameworksBuildPhase section */

/* Begin PBXGroup section */
		2D4C5B1E1F3990BB00C4F574 = {
			isa = PBXGroup;
			children = (
				2D4C5B291F3990BB00C4F574 /* RuntimeTest */,
				2D4C5B281F3990BB00C4F574 /* Products */,
			);
			sourceTree = "<group>";
		};
		2D4C5B281F3990BB00C4F574 /* Products */ = {
			isa = PBXGroup;
			children = (
				2D4C5B271F3990BB00C4F574 /* RuntimeTest.app */,
			);
			name = Products;
			sourceTree = "<group>";
		};
		2D4C5B291F3990BB00C4F574 /* RuntimeTest */ = {
			isa = PBXGroup;
			children = (
				2D4C5B2D1F3990BB00C4F574 /* AppDelegate.h */,
				2D4C5B2E1F3990BB00C4F574 /* AppDelegate.m */,
				2D4C5B301F3990BB00C4F574 /* ViewController.h */,
				2D4C5B311F3990BB00C4F574 /* ViewController.m */,
				2D4C5B331F3990BB00C4F574 /* Main.storyboard */,
				2D4C5B361F3990BB00C4F574 /* Assets.xcassets */,
				2D4C5B381F3990BB00C4F574 /* LaunchScreen.storyboard */,
				2D4C5B3B1F3990BB00C4F574 /* Info.plist */,
				2D4C5B2A1F3990BB00C4F574 /* Supporting Files */,
			);
			path = RuntimeTest;
			sourceTree = "<group>";
		};
		2D4C5B2A1F3990BB00C4F574 /* Supporting Files */ = {
			isa = PBXGroup;
			children = (
				2D4C5B2B1F3990BB00C4F574 /* main.m */,
			);
			name = "Supporting Files";
			sourceTree = "<group>";
		};
/* End PBXGroup section */

/* Begin PBXNativeTarget section */
		2D4C5B261F3990BB00C4F574 /* RuntimeTest */ = {
			isa = PBXNativeTarget;
			buildConfigurationList = 2D4C5B3E1F3990BB00C4F574 /* Build configuration list for PBXNativeTarget "RuntimeTest" */;
			buildPhases = (
				2D4C5B231F3990BB00C4F574 /* Sources */,
				2D4C5B241F3990BB00C4F574 /* Frameworks */,
				2D4C5B251F3990BB00C4F574 /* Resources */,
			);
			buildRules = (
			);
			dependencies = (
			);
			name = RuntimeTest;
			productName = RuntimeTest;
			productReference = 2D4C5B271F3990BB00C4F574 /* RuntimeTest.app */;
			productType = "com.apple.product-type.application";
		};
/* End PBXNativeTarget section */

/* Begin PBXProject section */
		2D4C5B1F1F3990BB00C4F574 /* Project object */ = {
			isa = PBXProject;
			attributes = {
				LastUpgradeCheck = 0830;
				ORGANIZATIONNAME = "SAE Magnetics (H.K.) Ltd.";
				TargetAttributes = {
					2D4C5B261F3990BB00C4F574 = {
						CreatedOnToolsVersion = 8.3.3;
						DevelopmentTeam = 3VE476H8XH;
						ProvisioningStyle = Automatic;
					};
				};
			};
			buildConfigurationList = 2D4C5B221F3990BB00C4F574 /* Build configuration list for PBXProject "RuntimeTest" */;
			compatibilityVersion = "Xcode 3.2";
			developmentRegion = English;
			hasScannedForEncodings = 0;
			knownRegions = (
				en,
				Base,
			);
			mainGroup = 2D4C5B1E1F3990BB00C4F574;
			productRefGroup = 2D4C5B281F3990BB00C4F574 /* Products */;
			projectDirPath = "";
			projectRoot = "";
			targets = (
				2D4C5B261F3990BB00C4F574 /* RuntimeTest */,
			);
		};
/* End PBXProject section */

/* Begin PBXResourcesBuildPhase section */
		2D4C5B251F3990BB00C4F574 /* Resources */ = {
			isa = PBXResourcesBuildPhase;
			buildActionMask = 2147483647;
			files = (
				2D4C5B3A1F3990BB00C4F574 /* LaunchScreen.storyboard in Resources */,
				2D4C5B371F3990BB00C4F574 /* Assets.xcassets in Resources */,
				2D4C5B351F3990BB00C4F574 /* Main.storyboard in Resources */,
			);
			runOnlyForDeploymentPostprocessing = 0;
		};
/* End PBXResourcesBuildPhase section */

/* Begin PBXSourcesBuildPhase section */
		2D4C5B231F3990BB00C4F574 /* Sources */ = {
			isa = PBXSourcesBuildPhase;
			buildActionMask = 2147483647;
			files = (
				2D4C5B321F3990BB00C4F574 /* ViewController.m in Sources */,
				2D4C5B2F1F3990BB00C4F574 /* AppDelegate.m in Sources */,
				2D4C5B2C1F3990BB00C4F574 /* main.m in Sources */,
			);
			runOnlyForDeploymentPostprocessing = 0;
		};
/* End PBXSourcesBuildPhase section */

/* Begin PBXVariantGroup section */
		2D4C5B331F3990BB00C4F574 /* Main.storyboard */ = {
			isa = PBXVariantGroup;
			children = (
				2D4C5B341F3990BB00C4F574 /* Base */,
			);
			name = Main.storyboard;
			sourceTree = "<group>";
		};
		2D4C5B381F3990BB00C4F574 /* LaunchScreen.storyboard */ = {
			isa = PBXVariantGroup;
			children = (
				2D4C5B391F3990BB00C4F574 /* Base */,
			);
			name = LaunchScreen.storyboard;
			sourceTree = "<group>";
		};
/* End PBXVariantGroup section */

/* Begin XCBuildConfiguration section */
		2D4C5B3C1F3990BB00C4F574 /* Debug */ = {
			isa = XCBuildConfiguration;
			buildSettings = {
				ALWAYS_SEARCH_USER_PATHS = NO;
				CLANG_ANALYZER_NONNULL = YES;
				CLANG_ANALYZER_NUMBER_OBJECT_CONVERSION = YES_AGGRESSIVE;
				CLANG_CXX_LANGUAGE_STANDARD = "gnu++0x";
				CLANG_CXX_LIBRARY = "libc++";
				CLANG_ENABLE_MODULES = YES;
				CLANG_ENABLE_OBJC_ARC = YES;
				CLANG_WARN_BOOL_CONVERSION = YES;
				CLANG_WARN_CONSTANT_CONVERSION = YES;
				CLANG_WARN_DIRECT_OBJC_ISA_USAGE = YES_ERROR;
				CLANG_WARN_DOCUMENTATION_COMMENTS = YES;
				CLANG_WARN_EMPTY_BODY = YES;
				CLANG_WARN_ENUM_CONVERSION = YES;
				CLANG_WARN_INFINITE_RECURSION = YES;
				CLANG_WARN_INT_CONVERSION = YES;
				CLANG_WARN_OBJC_ROOT_CLASS = YES_ERROR;
				CLANG_WARN_SUSPICIOUS_MOVE = YES;
				CLANG_WARN_UNREACHABLE_CODE = YES;
				CLANG_WARN__DUPLICATE_METHOD_MATCH = YES;
				"CODE_SIGN_IDENTITY[sdk=iphoneos*]" = "iPhone Developer";
				COPY_PHASE_STRIP = NO;
				DEBUG_INFORMATION_FORMAT = dwarf;
				ENABLE_STRICT_OBJC_MSGSEND = YES;
				ENABLE_TESTABILITY = YES;
				GCC_C_LANGUAGE_STANDARD = gnu99;
				GCC_DYNAMIC_NO_PIC = NO;
				GCC_NO_COMMON_BLOCKS = YES;
				GCC_OPTIMIZATION_LEVEL = 0;
				GCC_PREPROCESSOR_DEFINITIONS = (
					"DEBUG=1",
					"$(inherited)",
				);
				GCC_WARN_64_TO_32_BIT_CONVERSION = YES;
				GCC_WARN_ABOUT_RETURN_TYPE = YES_ERROR;
				GCC_WARN_UNDECLARED_SELECTOR = YES;
				GCC_WARN_UNINITIALIZED_AUTOS = YES_AGGRESSIVE;
				GCC_WARN_UNUSED_FUNCTION = YES;
				GCC_WARN_UNUSED_VARIABLE = YES;
				IPHONEOS_DEPLOYMENT_TARGET = 10.3;
				MTL_ENABLE_DEBUG_INFO = YES;
				ONLY_ACTIVE_ARCH = YES;
				SDKROOT = iphoneos;
			};
			name = Debug;
		};
		2D4C5B3D1F3990BB00C4F574 /* Release */ = {
			isa = XCBuildConfiguration;
			buildSettings = {
				ALWAYS_SEARCH_USER_PATHS = NO;
				CLANG_ANALYZER_NONNULL = YES;
				CLANG_ANALYZER_NUMBER_OBJECT_CONVERSION = YES_AGGRESSIVE;
				CLANG_CXX_LANGUAGE_STANDARD = "gnu++0x";
				CLANG_CXX_LIBRARY = "libc++";
				CLANG_ENABLE_MODULES = YES;
				CLANG_ENABLE_OBJC_ARC = YES;
				CLANG_WARN_BOOL_CONVERSION = YES;
				CLANG_WARN_CONSTANT_CONVERSION = YES;
				CLANG_WARN_DIRECT_OBJC_ISA_USAGE = YES_ERROR;
				CLANG_WARN_DOCUMENTATION_COMMENTS = YES;
				CLANG_WARN_EMPTY_BODY = YES;
				CLANG_WARN_ENUM_CONVERSION = YES;
				CLANG_WARN_INFINITE_RECURSION = YES;
				CLANG_WARN_INT_CONVERSION = YES;
				CLANG_WARN_OBJC_ROOT_CLASS = YES_ERROR;
				CLANG_WARN_SUSPICIOUS_MOVE = YES;
				CLANG_WARN_UNREACHABLE_CODE = YES;
				CLANG_WARN__DUPLICATE_METHOD_MATCH = YES;
				"CODE_SIGN_IDENTITY[sdk=iphoneos*]" = "iPhone Developer";
				COPY_PHASE_STRIP = NO;
				DEBUG_INFORMATION_FORMAT = "dwarf-with-dsym";
				ENABLE_NS_ASSERTIONS = NO;
				ENABLE_STRICT_OBJC_MSGSEND = YES;
				GCC_C_LANGUAGE_STANDARD = gnu99;
				GCC_NO_COMMON_BLOCKS = YES;
				GCC_WARN_64_TO_32_BIT_CONVERSION = YES;
				GCC_WARN_ABOUT_RETURN_TYPE = YES_ERROR;
				GCC_WARN_UNDECLARED_SELECTOR = YES;
				GCC_WARN_UNINITIALIZED_AUTOS = YES_AGGRESSIVE;
				GCC_WARN_UNUSED_FUNCTION = YES;
				GCC_WARN_UNUSED_VARIABLE = YES;
				IPHONEOS_DEPLOYMENT_TARGET = 10.3;
				MTL_ENABLE_DEBUG_INFO = NO;
				SDKROOT = iphoneos;
				VALIDATE_PRODUCT = YES;
			};
			name = Release;
		};
		2D4C5B3F1F3990BB00C4F574 /* Debug */ = {
			isa = XCBuildConfiguration;
			buildSettings = {
				ASSETCATALOG_COMPILER_APPICON_NAME = AppIcon;
				DEVELOPMENT_TEAM = 3VE476H8XH;
				INFOPLIST_FILE = RuntimeTest/Info.plist;
				LD_RUNPATH_SEARCH_PATHS = "$(inherited) @executable_path/Frameworks";
				PRODUCT_BUNDLE_IDENTIFIER = com.sea.RuntimeTest;
				PRODUCT_NAME = "$(TARGET_NAME)";
			};
			name = Debug;
		};
		2D4C5B401F3990BB00C4F574 /* Release */ = {
			isa = XCBuildConfiguration;
			buildSettings = {
				ASSETCATALOG_COMPILER_APPICON_NAME = AppIcon;
				DEVELOPMENT_TEAM = 3VE476H8XH;
				INFOPLIST_FILE = RuntimeTest/Info.plist;
				LD_RUNPATH_SEARCH_PATHS = "$(inherited) @executable_path/Frameworks";
				PRODUCT_BUNDLE_IDENTIFIER = com.sea.RuntimeTest;
				PRODUCT_NAME = "$(TARGET_NAME)";
			};
			name = Release;
		};
/* End XCBuildConfiguration section */

/* Begin XCConfigurationList section */
		2D4C5B221F3990BB00C4F574 /* Build configuration list for PBXProject "RuntimeTest" */ = {
			isa = XCConfigurationList;
			buildConfigurations = (
				2D4C5B3C1F3990BB00C4F574 /* Debug */,
				2D4C5B3D1F3990BB00C4F574 /* Release */,
			);
			defaultConfigurationIsVisible = 0;
			defaultConfigurationName = Release;
		};
		2D4C5B3E1F3990BB00C4F574 /* Build configuration list for PBXNativeTarget "RuntimeTest" */ = {
			isa = XCConfigurationList;
			buildConfigurations = (
				2D4C5B3F1F3990BB00C4F574 /* Debug */,
				2D4C5B401F3990BB00C4F574 /* Release */,
			);
			defaultConfigurationIsVisible = 0;
		};
/* End XCConfigurationList section */
	};
	rootObject = 2D4C5B1F1F3990BB00C4F574 /* Project object */;
}
